
Microsoft Visual Studio Solution File, Format Version 12.00
# Visual Studio Version 17
VisualStudioVersion = 17.5.33516.290
MinimumVisualStudioVersion = 10.0.40219.1
Project("{FAE04EC0-301F-11D3-BF4B-00C04F79EFBC}") = "DFS", "DFS\DFS.csproj", "{9FA163CC-00A4-4A9C-9275-B595B16D1398}"
EndProject
Global
	GlobalSection(SolutionConfigurationPlatforms) = preSolution
		Debug|Any CPU = Debug|Any CPU
		Release|Any CPU = Release|Any CPU
	EndGlobalSection
	GlobalSection(ProjectConfigurationPlatforms) = postSolution
		{9FA163CC-00A4-4A9C-9275-B595B16D1398}.Debug|Any CPU.ActiveCfg = Debug|Any CPU
		{9FA163CC-00A4-4A9C-9275-B595B16D1398}.Debug|Any CPU.Build.0 = Debug|Any CPU
		{9FA163CC-00A4-4A9C-9275-B595B16D1398}.Release|Any CPU.ActiveCfg = Release|Any CPU
		{9FA163CC-00A4-4A9C-9275-B595B16D1398}.Release|Any CPU.Build.0 = Release|Any CPU
	EndGlobalSection
	GlobalSection(SolutionProperties) = preSolution
		HideSolutionNode = FALSE
	EndGlobalSection
	GlobalSection(ExtensibilityGlobals) = postSolution
		SolutionGuid = {DAEF1C74-C396-43AD-81FD-D2AE80BFBAB3}
	EndGlobalSection
EndGlobal
